{
  "name": "node-ftp",
  "version": "1.0.0",
  "lockfileVersion": 1,
  "requires": true,
  "dependencies": {
    "basic-ftp": {
      "version": "3.8.0",
      "resolved": "https://registry.npmjs.org/basic-ftp/-/basic-ftp-3.8.0.tgz",
      "integrity": "sha512-oZaONpnXwZxLEOxezCmp7wFNEhZjNNuKssFWl1fUMuQ3An+Io/eyI0QSqw6KOmGcqCsG+jG3RPzl58zNiMdjbQ=="
    },
    "dotenv": {
      "version": "8.0.0",
      "resolved": "https://registry.npmjs.org/dotenv/-/dotenv-8.0.0.tgz",
      "integrity": "sha512-30xVGqjLjiUOArT4+M5q9sYdvuR4riM6yK9wMcas9Vbp6zZa+ocC9dp6QoftuhTPhFAiLK/0C5Ni2nou/Bk8lg=="
    }
  }
}
